
Microsoft Visual Studio Solution File, Format Version 12.00
# Visual Studio Version 17
VisualStudioVersion = 17.3.32825.248
MinimumVisualStudioVersion = 10.0.40219.1
Project("{FAE04EC0-301F-11D3-BF4B-00C04F79EFBC}") = "PetzeyPetApi", "PetzeyPetApi\PetzeyPetApi.csproj", "{E943788F-ACC2-4497-9387-634E388AC52A}"
EndProject
Project("{FAE04EC0-301F-11D3-BF4B-00C04F79EFBC}") = "PetzeyPetBusinessLayer", "PetzeyPetBusinessLayer\PetzeyPetBusinessLayer.csproj", "{A9B3977D-2B73-401F-9288-23A00CFA488C}"
EndProject
Project("{FAE04EC0-301F-11D3-BF4B-00C04F79EFBC}") = "PetzeyPetDataAccessLayer", "PetzeyPetDataAccessLayer\PetzeyPetDataAccessLayer.csproj", "{EDCBC7B8-82CF-4330-A954-CB3B56D7960B}"
EndProject
Project("{FAE04EC0-301F-11D3-BF4B-00C04F79EFBC}") = "PetzeyPetDTOs", "PetzeyPetDTOs\PetzeyPetDTOs.csproj", "{5A97DAB9-CC7A-49DE-A8C7-C3FDB4F6D992}"
EndProject
Project("{FAE04EC0-301F-11D3-BF4B-00C04F79EFBC}") = "PetzeyPetUnitTests", "PetzeyPetUnitTests\PetzeyPetUnitTests.csproj", "{E5045948-6445-4D59-9FB4-7E9B116788E3}"
EndProject
Project("{FAE04EC0-301F-11D3-BF4B-00C04F79EFBC}") = "PetzeyPetEntities", "PetzeyPetEntities\PetzeyPetEntities.csproj", "{ECCE5D65-D768-44FC-8CB7-2BAC0B7CAE98}"
EndProject
Global
	GlobalSection(SolutionConfigurationPlatforms) = preSolution
		Debug|Any CPU = Debug|Any CPU
		Release|Any CPU = Release|Any CPU
	EndGlobalSection
	GlobalSection(ProjectConfigurationPlatforms) = postSolution
		{E943788F-ACC2-4497-9387-634E388AC52A}.Debug|Any CPU.ActiveCfg = Debug|Any CPU
		{E943788F-ACC2-4497-9387-634E388AC52A}.Debug|Any CPU.Build.0 = Debug|Any CPU
		{E943788F-ACC2-4497-9387-634E388AC52A}.Release|Any CPU.ActiveCfg = Release|Any CPU
		{E943788F-ACC2-4497-9387-634E388AC52A}.Release|Any CPU.Build.0 = Release|Any CPU
		{A9B3977D-2B73-401F-9288-23A00CFA488C}.Debug|Any CPU.ActiveCfg = Debug|Any CPU
		{A9B3977D-2B73-401F-9288-23A00CFA488C}.Debug|Any CPU.Build.0 = Debug|Any CPU
		{A9B3977D-2B73-401F-9288-23A00CFA488C}.Release|Any CPU.ActiveCfg = Release|Any CPU
		{A9B3977D-2B73-401F-9288-23A00CFA488C}.Release|Any CPU.Build.0 = Release|Any CPU
		{EDCBC7B8-82CF-4330-A954-CB3B56D7960B}.Debug|Any CPU.ActiveCfg = Debug|Any CPU
		{EDCBC7B8-82CF-4330-A954-CB3B56D7960B}.Debug|Any CPU.Build.0 = Debug|Any CPU
		{EDCBC7B8-82CF-4330-A954-CB3B56D7960B}.Release|Any CPU.ActiveCfg = Release|Any CPU
		{EDCBC7B8-82CF-4330-A954-CB3B56D7960B}.Release|Any CPU.Build.0 = Release|Any CPU
		{5A97DAB9-CC7A-49DE-A8C7-C3FDB4F6D992}.Debug|Any CPU.ActiveCfg = Debug|Any CPU
		{5A97DAB9-CC7A-49DE-A8C7-C3FDB4F6D992}.Debug|Any CPU.Build.0 = Debug|Any CPU
		{5A97DAB9-CC7A-49DE-A8C7-C3FDB4F6D992}.Release|Any CPU.ActiveCfg = Release|Any CPU
		{5A97DAB9-CC7A-49DE-A8C7-C3FDB4F6D992}.Release|Any CPU.Build.0 = Release|Any CPU
		{E5045948-6445-4D59-9FB4-7E9B116788E3}.Debug|Any CPU.ActiveCfg = Debug|Any CPU
		{E5045948-6445-4D59-9FB4-7E9B116788E3}.Debug|Any CPU.Build.0 = Debug|Any CPU
		{E5045948-6445-4D59-9FB4-7E9B116788E3}.Release|Any CPU.ActiveCfg = Release|Any CPU
		{E5045948-6445-4D59-9FB4-7E9B116788E3}.Release|Any CPU.Build.0 = Release|Any CPU
		{ECCE5D65-D768-44FC-8CB7-2BAC0B7CAE98}.Debug|Any CPU.ActiveCfg = Debug|Any CPU
		{ECCE5D65-D768-44FC-8CB7-2BAC0B7CAE98}.Debug|Any CPU.Build.0 = Debug|Any CPU
		{ECCE5D65-D768-44FC-8CB7-2BAC0B7CAE98}.Release|Any CPU.ActiveCfg = Release|Any CPU
		{ECCE5D65-D768-44FC-8CB7-2BAC0B7CAE98}.Release|Any CPU.Build.0 = Release|Any CPU
	EndGlobalSection
	GlobalSection(SolutionProperties) = preSolution
		HideSolutionNode = FALSE
	EndGlobalSection
	GlobalSection(ExtensibilityGlobals) = postSolution
		SolutionGuid = {1410A49B-664B-4124-B935-92EFD42651D7}
	EndGlobalSection
EndGlobal
